github.com/Baozisoftware/qrcode-terminal-go v0.0.0-20170407111555-c0650d8dff0f/go.mod h1:4a58ifQTEe2uwwsaqbh3i2un5/CBPg+At/qHpt18Tmk=
github.com/Rhymen/go-whatsapp v0.0.0/go.mod h1:rdQr95g2C1xcOfM7QGOhza58HeI3I+tZ/bbluv7VazA=
github.com/Rhymen/go-whatsapp v0.0.2-0.20190524185555-8d76e32a6d8e/go.mod h1:qf/2PQi82Okxw/igghu/oMGzTeUYuKBq1JNo3tdQyNg=
github.com/chai2010/webp v1.1.0 h1:4Ei0/BRroMF9FaXDG2e4OxwFcuW2vcXd+A6tyqTJUQQ=
github.com/chai2010/webp v1.1.0/go.mod h1:LP12PG5IFmLGHUU26tBiCBKnghxx3toZFwDjOYvd3Ow=
github.com/fatih/color v1.7.0 h1:DkWD4oS2D8LGGgTQ6IvwJJXSL5Vp2ffcQg58nFV38Ys=
github.com/fatih/color v1.7.0/go.mod h1:Zm6kSWBoL9eyXnKyktHP6abPY2pDugNf5KwzbycvMj4=
github.com/golang/protobuf v1.2.0/go.mod h1:6lQm79b+lXiMfvg/cZm0SGofjICqVBUtrP5yJMmIC1U=
github.com/golang/protobuf v1.3.0/go.mod h1:Qd/q+1AKNOZr9uGQzbzCmRO6sUih6GTPZv6a1/R87v0=
github.com/golang/protobuf v1.3.1 h1:YF8+flBXS5eO826T4nzqPrxfhQThhXl0YzfuUPu4SBg=
github.com/golang/protobuf v1.3.1/go.mod h1:6lQm79b+lXiMfvg/cZm0SGofjICqVBUtrP5yJMmIC1U=
github.com/gorilla/mux v1.7.2 h1:zoNxOV7WjqXptQOVngLmcSQgXmgk4NMz1HibBchjl/I=
github.com/gorilla/mux v1.7.2/go.mod h1:1lud6UwP+6orDFRuTfBEV8e9/aOM/c4fVVCaMa2zaAs=
github.com/gorilla/websocket v1.4.0 h1:WDFjx/TMzVgy9VdMMQi2K2Emtwi2QcUQsztZ/zLaH/Q=
github.com/gorilla/websocket v1.4.0/go.mod h1:E7qHFY5m1UJ88s3WnNqhKjPHQ0heANvMoAMk2YaljkQ=
github.com/gorilla/websocket v1.4.1 h1:q7AeDBpnBk8AogcD4DSag/Ukw/KV+YhzLj2bP5HvKCM=
github.com/gorilla/websocket v1.4.1/go.mod h1:YR8l580nyteQvAITg2hZ9XVh4b55+EU/adAjf1fMHhE=
github.com/kr/pretty v0.1.0/go.mod h1:dAy3ld7l9f0ibDNOQOHHMYYIIbhfbHSm3C4ZsoJORNo=
github.com/kr/pty v1.1.1/go.mod h1:pFQYn66WHrOpPYNljwOMqo10TkYh1fy3cYio2l3bCsQ=
github.com/kr/text v0.1.0/go.mod h1:4Jbv+DJW3UT/LiOwJeYQe1efqtUx/iVham/4vfdArNI=
github.com/lib/pq v1.1.1 h1:sJZmqHoEaY7f+NPP8pgLB/WxulyR3fewgCM2qaSlBb4=
github.com/lib/pq v1.1.1/go.mod h1:5WUZQaWbwv1U+lTReE5YruASi9Al49XbQIvNi/34Woo=
github.com/mattn/go-colorable v0.1.1/go.mod h1:FuOcm+DKB9mbwrcAfNl7/TZVBZ6rcnceauSikq3lYCQ=
github.com/mattn/go-colorable v0.1.2 h1:/bC9yWikZXAL9uJdulbSfyVNIR3n3trXl+v8+1sx8mU=
github.com/mattn/go-colorable v0.1.2/go.mod h1:U0ppj6V5qS13XJ6of8GYAs25YV2eR4EVcfRqFIhoBtE=
github.com/mattn/go-isatty v0.0.5/go.mod h1:Iq45c/XA43vh69/j3iqttzPXn0bhXyGjM0Hdxcsrc5s=
github.com/mattn/go-isatty v0.0.8 h1:HLtExJ+uU2HOZ+wI0Tt5DtUDrx8yhUqDcp7fYERX4CE=
github.com/mattn/go-isatty v0.0.8/go.mod h1:Iq45c/XA43vh69/j3iqttzPXn0bhXyGjM0Hdxcsrc5s=
github.com/mattn/go-sqlite3 v1.10.0 h1:jbhqpg7tQe4SupckyijYiy0mJJ/pRyHvXf7JdWK860o=
github.com/mattn/go-sqlite3 v1.10.0/go.mod h1:FPy6KqzDD04eiIsT53CuJW3U88zkxoIYsOqkbpncsNc=
github.com/pkg/errors v0.8.1 h1:iURUrRGxPUNPdy5/HRSm+Yj6okJ6UtLINN0Q9M4+h3I=
github.com/pkg/errors v0.8.1/go.mod h1:bwawxfHBFNV+L2hUp1rHADufV3IMtnDRdf1r5NINEl0=
github.com/russross/blackfriday/v2 v2.0.1 h1:lPqVAte+HuHNfhJ/0LC98ESWRz8afy9tM/0RK8m9o+Q=
github.com/russross/blackfriday/v2 v2.0.1/go.mod h1:+Rmxgy9KzJVeS9/2gXHxylqXiyQDYRxCVz55jmeOWTM=
github.com/shurcooL/sanitized_anchor_name v1.0.0 h1:PdmoCO6wvbs+7yrJyMORt4/BmY5IYyJwS/kOiWx8mHo=
github.com/shurcooL/sanitized_anchor_name v1.0.0/go.mod h1:1NzhyTcUVG4SuEtjjoZeVRXNmyL/1OwPU0+IJeTBvfc=
github.com/skip2/go-qrcode v0.0.0-20190110000554-dc11ecdae0a9 h1:lpEzuenPuO1XNTeikEmvqYFcU37GVLl8SRNblzyvGBE=
github.com/skip2/go-qrcode v0.0.0-20190110000554-dc11ecdae0a9/go.mod h1:PLPIyL7ikehBD1OAjmKKiOEhbvWyHGaNDjquXMcYABo=
github.com/tulir/go-whatsapp v0.0.2-0.20190717210948-309b1b2cfa74 h1:Aqnz+nkJ/tBwhp9m4x2Y5cjz3u1AZOnKOe5BNR27Pvg=
github.com/tulir/go-whatsapp v0.0.2-0.20190717210948-309b1b2cfa74/go.mod h1:u3Hdptbz3iB5y/NEoSKgsp9hBzUlm0A5OrLMVdENAX8=
github.com/tulir/go-whatsapp v0.0.2-0.20190824193805-f9a7dc8e6a5f h1:a6GstbsMbzd3Rteo64+30/US2U6iQF6e5mvXlOVRU3I=
github.com/tulir/go-whatsapp v0.0.2-0.20190824193805-f9a7dc8e6a5f/go.mod h1:u3Hdptbz3iB5y/NEoSKgsp9hBzUlm0A5OrLMVdENAX8=
github.com/tulir/go-whatsapp v0.0.2-0.20190824212315-7c97464c8c54 h1:Pe+DJtXEbTe+FhmOxrY74EbqfqGjZTxxaU3iLMqo0CA=
github.com/tulir/go-whatsapp v0.0.2-0.20190824212315-7c97464c8c54/go.mod h1:u3Hdptbz3iB5y/NEoSKgsp9hBzUlm0A5OrLMVdENAX8=
github.com/tulir/go-whatsapp v0.0.2-0.20190825095058-bb85c7370264 h1:tzi3IcrgOUdC+eSE5J5GHoeMeVK5uTT+YR21m+EPgzY=
github.com/tulir/go-whatsapp v0.0.2-0.20190825095058-bb85c7370264/go.mod h1:u3Hdptbz3iB5y/NEoSKgsp9hBzUlm0A5OrLMVdENAX8=
github.com/tulir/go-whatsapp v0.0.2-0.20190830192205-ac9aa7e315cb h1:EssfVebg16p1HgU/6tRIxu4C0ioPwlgah1zhoSif+CE=
github.com/tulir/go-whatsapp v0.0.2-0.20190830192205-ac9aa7e315cb/go.mod h1:u3Hdptbz3iB5y/NEoSKgsp9hBzUlm0A5OrLMVdENAX8=
github.com/tulir/go-whatsapp v0.0.2-0.20190830212741-33ca6ee47cf5 h1:0pUczFGOo4sPq/+aNOsDSkD45zdgxqf0Tpoj4O1kFV8=
github.com/tulir/go-whatsapp v0.0.2-0.20190830212741-33ca6ee47cf5/go.mod h1:u3Hdptbz3iB5y/NEoSKgsp9hBzUlm0A5OrLMVdENAX8=
github.com/tulir/go-whatsapp v0.0.2-0.20190903182221-4e1a838ff3ba h1:exEcedSHn0qEZ1iwNwFF5brEuflhMScjFyyzmxUA+og=
github.com/tulir/go-whatsapp v0.0.2-0.20190903182221-4e1a838ff3ba/go.mod h1:u3Hdptbz3iB5y/NEoSKgsp9hBzUlm0A5OrLMVdENAX8=
github.com/tulir/go-whatsapp v0.0.2-0.20191109203156-c477dae1c7e9 h1:WyLOadcpkAvoyaGfUvBgj/mTHetzliBGFioEEtM+Ac8=
github.com/tulir/go-whatsapp v0.0.2-0.20191109203156-c477dae1c7e9/go.mod h1:ustkccVUt0hOuKikjFb6b4Eray6At5djkcKYYu4+Lco=
github.com/tulir/go-whatsapp v0.0.2-0.20191231181428-a986c510d200 h1:CWqIgkDM96F9s4V536FZr/WoN+LL3ywUZLH9Feir3kY=
github.com/tulir/go-whatsapp v0.0.2-0.20191231181428-a986c510d200/go.mod h1:ustkccVUt0hOuKikjFb6b4Eray6At5djkcKYYu4+Lco=
github.com/tulir/go-whatsapp v0.0.2-0.20200326174311-0292fed26116 h1:nFW/wJXBJV+q25LkTBa9XmER8Qys9wpKyYS9srWCV3E=
github.com/tulir/go-whatsapp v0.0.2-0.20200326174311-0292fed26116/go.mod h1:gyw9zGup1/Y3ZQUueZaqz3iR/WX9a2Lth4aqEbXjkok=
golang.org/x/crypto v0.0.0-20190131182504-b8fe1690c613/go.mod h1:6SG95UA2DQfeDnfUPMdvaQW0Q7yPrPDi9nlGo2tz2b4=
golang.org/x/crypto v0.0.0-20190308221718-c2843e01d9a2 h1:VklqNMn3ovrHsnt90PveolxSbWFaJdECFbxSq0Mqo2M=
golang.org/x/crypto v0.0.0-20190308221718-c2843e01d9a2/go.mod h1:djNgcEr1/C05ACkg1iLfiJU5Ep61QUkGW8qpdssI0+w=
golang.org/x/net v0.0.0-20180906233101-161cd47e91fd/go.mod h1:mL1N/T3taQHkDXs73rZJwtUhF3w3ftmwwsq0BUmARs4=
golang.org/x/net v0.0.0-20190603091049-60506f45cf65 h1:+rhAzEzT3f4JtomfC371qB+0Ola2caSKcY69NUBZrRQ=
golang.org/x/net v0.0.0-20190603091049-60506f45cf65/go.mod h1:HSz+uSET+XFnRR8LxR5pz3Of3rY3CfYBVs4xY44aLks=
golang.org/x/net v0.0.0-20200202094626-16171245cfb2 h1:CCH4IOTTfewWjGOlSp+zGcjutRKlBEZQ6wTn8ozI/nI=
golang.org/x/net v0.0.0-20200202094626-16171245cfb2/go.mod h1:z5CRVTTTmAJ677TzLLGU+0bjPO0LkuOLi4/5GtJWs/s=
golang.org/x/net v0.0.0-20200301022130-244492dfa37a h1:GuSPYbZzB5/dcLNCwLQLsg3obCJtX9IJhpXkvY7kzk0=
golang.org/x/net v0.0.0-20200301022130-244492dfa37a/go.mod h1:z5CRVTTTmAJ677TzLLGU+0bjPO0LkuOLi4/5GtJWs/s=
golang.org/x/sync v0.0.0-20180314180146-1d60e4601c6f/go.mod h1:RxMgew5VJxzue5/jJTE5uejpjVlOe/izrB70Jof72aM=
golang.org/x/sync v0.0.0-20181221193216-37e7f081c4d4/go.mod h1:RxMgew5VJxzue5/jJTE5uejpjVlOe/izrB70Jof72aM=
golang.org/x/sys v0.0.0-20190215142949-d0b11bdaac8a/go.mod h1:STP8DvDyc/dI5b8T5hshtkjS+E42TnysNCUPdjciGhY=
golang.org/x/sys v0.0.0-20190222072716-a9d3bda3a223/go.mod h1:STP8DvDyc/dI5b8T5hshtkjS+E42TnysNCUPdjciGhY=
golang.org/x/sys v0.0.0-20190606122018-79a91cf218c4 h1:3i7qG/aA9NUAzdnJHfhgxSKSmxbAebomYR5IZgFbC5Y=
golang.org/x/sys v0.0.0-20190606122018-79a91cf218c4/go.mod h1:h1NjWce9XRLGQEsW7wpKNCjG9DtNlClVuFLEZdDNbEs=
golang.org/x/text v0.3.0/go.mod h1:NqM8EUOU14njkJ3fqMW+pc6Ldnwhi/IjpwHt7yyuwOQ=
google.golang.org/genproto v0.0.0-20180831171423-11092d34479b/go.mod h1:JiN7NxoALGmiZfu7CAH4rXhgtRTLTxftemlI0sWmxmc=
gopkg.in/check.v1 v0.0.0-20161208181325-20d25e280405/go.mod h1:Co6ibVJAznAaIkqp8huTwlJQCZ016jof/cbN4VW5Yz0=
gopkg.in/check.v1 v1.0.0-20180628173108-788fd7840127/go.mod h1:Co6ibVJAznAaIkqp8huTwlJQCZ016jof/cbN4VW5Yz0=
gopkg.in/yaml.v2 v2.2.2 h1:ZCJp+EgiOT7lHqUV2J862kp8Qj64Jo6az82+3Td9dZw=
gopkg.in/yaml.v2 v2.2.2/go.mod h1:hI93XBmqTisBFMUTm0b8Fm+jr3Dg1NNxqwp+5A1VGuI=
maunium.net/go/mauflag v1.0.0 h1:YiaRc0tEI3toYtJMRIfjP+jklH45uDHtT80nUamyD4M=
maunium.net/go/mauflag v1.0.0/go.mod h1:nLivPOpTpHnpzEh8jEdSL9UqO9+/KBJFmNRlwKfkPeA=
maunium.net/go/maulogger/v2 v2.0.0 h1:8PB95zf6e7Ddw8iOWqjrJjAjPcAI50LagA1X0Ur64os=
maunium.net/go/maulogger/v2 v2.0.0/go.mod h1:Hbbkq3NV6jvJodByZu1mgEF3fpT7Kz9z0MjEZ3/BusI=
maunium.net/go/mautrix v0.1.0-alpha.3.0.20190606153009-ca5d9535b6cc/go.mod h1:O+QWJP3H7BZEzIBSrECKpnpRnEKBwaoWVEu/yZwVwxg=
maunium.net/go/mautrix v0.1.0-alpha.3.0.20190622085722-6406f15cb8e3 h1:oVabjOi2rV7qb9IHUm/SVKjbTcLyCVGw2FCsvulDsZg=
maunium.net/go/mautrix v0.1.0-alpha.3.0.20190622085722-6406f15cb8e3/go.mod h1:O+QWJP3H7BZEzIBSrECKpnpRnEKBwaoWVEu/yZwVwxg=
maunium.net/go/mautrix v0.1.0-alpha.3.0.20190825132810-9d870654e9d2 h1:0iVxLLAOSBqtJqhIjW9EbblMsaSYoCJRo5mHPZnytUk=
maunium.net/go/mautrix v0.1.0-alpha.3.0.20190825132810-9d870654e9d2/go.mod h1:O+QWJP3H7BZEzIBSrECKpnpRnEKBwaoWVEu/yZwVwxg=
maunium.net/go/mautrix v0.1.0-alpha.3.0.20191110191816-178ce1f1561d/go.mod h1:O+QWJP3H7BZEzIBSrECKpnpRnEKBwaoWVEu/yZwVwxg=
maunium.net/go/mautrix v0.1.0-alpha.3.0.20191230181907-055c3acd81cd h1:stoHlgxDA3AKrULnJo1Ubmrb/Yk7iz2ucb0JA3YNMDM=
maunium.net/go/mautrix v0.1.0-alpha.3.0.20191230181907-055c3acd81cd/go.mod h1:O+QWJP3H7BZEzIBSrECKpnpRnEKBwaoWVEu/yZwVwxg=
maunium.net/go/mautrix v0.1.0-alpha.3.0.20200209182939-9df6760d40d2 h1:Ewvf0/4z0OQ7IyySxP5rjhzpL01Slxhup7ugHieAlrI=
maunium.net/go/mautrix v0.1.0-alpha.3.0.20200209182939-9df6760d40d2/go.mod h1:O+QWJP3H7BZEzIBSrECKpnpRnEKBwaoWVEu/yZwVwxg=
maunium.net/go/mautrix v0.1.0-alpha.3.0.20200221234248-8a868bce2854 h1:NKj52IqLkfscNMSbSVepaXHM6M/x3iNe/iWSAcmAilo=
maunium.net/go/mautrix v0.1.0-alpha.3.0.20200221234248-8a868bce2854/go.mod h1:g10T1fh2Q2HkJWycVs93eBXdWpqD67f1YVQhNxdIDr4=
maunium.net/go/mautrix v0.1.0-beta.1 h1:o7EzSO3sMf7tpNvxanITcpMw3nL3SaJ/LDpBRPaZIt8=
maunium.net/go/mautrix v0.1.0-beta.1/go.mod h1:YFMU9DBeXH7cqx7sJLg0DkVxwNPbih8QbpUTYf/IjMM=
maunium.net/go/mautrix-appservice v0.1.0-alpha.3.0.20190618052224-6e6c9bb47548 h1:ni1nqs+2AOO+g1ND6f2W0pMcb6sIDVqzerXosO+pI2g=
maunium.net/go/mautrix-appservice v0.1.0-alpha.3.0.20190618052224-6e6c9bb47548/go.mod h1:yVWU0gvIHIXClgyVnShiufiDksFbFrBqHG9lDAYcmGI=
maunium.net/go/mautrix-appservice v0.1.0-alpha.3.0.20190822210104-3e49344e186b h1:/03X0PPgtk4pqXcdH86xMzOl891whG5A1hFXQ+xXons=
maunium.net/go/mautrix-appservice v0.1.0-alpha.3.0.20190822210104-3e49344e186b/go.mod h1:yVWU0gvIHIXClgyVnShiufiDksFbFrBqHG9lDAYcmGI=
maunium.net/go/mautrix-appservice v0.1.0-alpha.3.0.20190824195529-3507711d75aa h1:saXgLXgTM5wbiY4+GMbEfaN+boCdGUBcDTIle6BemlI=
maunium.net/go/mautrix-appservice v0.1.0-alpha.3.0.20190824195529-3507711d75aa/go.mod h1:PZTnFsEUt4YALO/OGGyWXeQulBVGEPjI8FQ88XCbu/w=
maunium.net/go/mautrix-appservice v0.1.0-alpha.3.0.20190825132837-ffcc1e3c7ed7 h1:0B3zGyfNVxdCcoFDgvDh8CW9U0gkCDvwKbP0a0UIUEQ=
maunium.net/go/mautrix-appservice v0.1.0-alpha.3.0.20190825132837-ffcc1e3c7ed7/go.mod h1:FJRRpH5+p3wCfEt6u/3kMeu9aGX/pk2PqtvjRDRW74w=
maunium.net/go/mautrix-appservice v0.1.0-alpha.3.0.20190830063827-e7dcd7e42e7c h1:jt0i4ZkHikhy0T5Lxe+ApvLChy1MdloxGjs/kaImHD4=
maunium.net/go/mautrix-appservice v0.1.0-alpha.3.0.20190830063827-e7dcd7e42e7c/go.mod h1:FJRRpH5+p3wCfEt6u/3kMeu9aGX/pk2PqtvjRDRW74w=
maunium.net/go/mautrix-appservice v0.1.0-alpha.3.0.20190901152202-40639f5932be h1:sSBx9AGR4iYHRFwljqNwxXFtbY2bKLJHgI9B4whAU8I=
maunium.net/go/mautrix-appservice v0.1.0-alpha.3.0.20190901152202-40639f5932be/go.mod h1:FJRRpH5+p3wCfEt6u/3kMeu9aGX/pk2PqtvjRDRW74w=
maunium.net/go/mautrix-appservice v0.1.0-alpha.3.0.20191110192030-cd699619a163/go.mod h1:ST7YYCoHtFC4c7/Iga8W5wwKXyxjwVh4DlsnyIU6rYw=
maunium.net/go/mautrix-appservice v0.1.0-alpha.3.0.20191230181948-bf5d2e16a792 h1:7Lxt/h4TnC6Z9PfnggdD4e7IasxdnYzrXmtTmedbSpU=
maunium.net/go/mautrix-appservice v0.1.0-alpha.3.0.20191230181948-bf5d2e16a792/go.mod h1:ek/PBMaq4AxuI5NP+XAq5Ma2u+ZTjUUaUr6dh4w9zSw=
maunium.net/go/mautrix-appservice v0.1.0-alpha.3.0.20191230184104-a0aaaf14b728 h1:pJXS+GUB5zClAB8cIJ/bjf9tKFJtjt+VbTfdLZm6qzA=
maunium.net/go/mautrix-appservice v0.1.0-alpha.3.0.20191230184104-a0aaaf14b728/go.mod h1:RfFZ/Z6uBSbpUQVkiEhG3P1EBaPK5kc+AGKtuMMbg9k=
maunium.net/go/mautrix-appservice v0.1.0-alpha.3.0.20200209183024-a3d12dc80898 h1:tWHXTNREuGry2xXS1hGOg+FIUwRxGXie5fymiGD3YoA=
maunium.net/go/mautrix-appservice v0.1.0-alpha.3.0.20200209183024-a3d12dc80898/go.mod h1:RfFZ/Z6uBSbpUQVkiEhG3P1EBaPK5kc+AGKtuMMbg9k=
maunium.net/go/mautrix-appservice v0.1.0-alpha.5 h1:ksQ7y4bsi+b5Z6IA/O7e+GY0Vui6Lk7hzk9Vh6Ho+bQ=
maunium.net/go/mautrix-appservice v0.1.0-alpha.5/go.mod h1:mMWoNok7XKgs45rvP2LS5BOsmCkSBU0DohwPvUURF6Q=
